{
  "version": "5",
  "redirects": {
    "https://esm.sh/style-vendorizer@^2.0.0?target=denonext": "https://esm.sh/style-vendorizer@2.2.3?target=denonext"
  },
  "remote": {
    "https://esm.sh/*@preact/signals-core@1.5.0": "ac97b6800bd262d1cc6f9f725961ac7106d5cbb7ac67aebc0d466dfd9bb20c40",
    "https://esm.sh/*@preact/signals-core@1.5.0/denonext/signals-core.mjs": "3aa867d40af41a1b880c486e72f7d52996da3a752ccd38b79639f40f6d0ecc81",
    "https://esm.sh/*@preact/signals@1.2.1": "e94b7d161d32118cd245317bcb73fe6ede79465b452af25b52730efa348699e9",
    "https://esm.sh/*@preact/signals@1.2.1/denonext/signals.mjs": "de223f62d1aab6eb0c7febb278420180bdf92442f0f4d8402025879e92fe6ac2",
    "https://esm.sh/*preact-render-to-string@6.2.2": "1e086e7907e71c71443b201a03e167f51ed74e12eba2552a7d8fa1284aee0ede",
    "https://esm.sh/*preact-render-to-string@6.2.2/denonext/preact-render-to-string.mjs": "42378b9ed54abee2cfeb855c195b0c360ba8683021decda198f555b2f2036dd1",
    "https://esm.sh/preact@10.19.2": "a54c21042d5aace76ae26ab8870375502c2fda726204221068dbc1fb385b3d4b",
    "https://esm.sh/preact@10.19.2/denonext/hooks.mjs": "6bc4a321215e14b4854d2e2ffbc9c443d4e45f279e1c118748477613df2e9f3a",
    "https://esm.sh/preact@10.19.2/denonext/preact.mjs": "1651704b5926c9a3c37b3c41b9fba03788373535c85c770a0ffb207001f5de56",
    "https://esm.sh/preact@10.19.2/hooks": "bea0365b91b95a2ac17059b0c7c5493b644130e7d8b191cf224f01ed1449baad",
    "https://esm.sh/style-vendorizer@2.2.3/denonext/style-vendorizer.mjs": "5201bd4a17899690af07a1f1d1de8504fb6ed401e3bd7fca4ce76598c2b3f4e6",
    "https://esm.sh/style-vendorizer@2.2.3?target=denonext": "046aa4bfbc2f2f1d624d74bde1b7d2227a5d9a00122725b711768554999fc3eb",
    "https://esm.sh/twind@0.16.19": "5e722de0c4173d99739386032a7f529aa3b91796aa2f990405eb87baafbb901d",
    "https://esm.sh/twind@0.16.19/denonext/twind.mjs": "fa5076812b8d3fed2299cff30dba4344cbe58825751b429c9f0a3a70868e94bc"
  }
}
